
Microsoft Visual Studio Solution File, Format Version 12.00
# Visual Studio Version 16
VisualStudioVersion = 16.0.29709.97
MinimumVisualStudioVersion = 10.0.40219.1
Project("{9A19103F-16F7-4668-BE54-9A1E7A4F7556}") = "Acmion.CshtmlComponent", "Acmion.CshtmlComponent\Acmion.CshtmlComponent.csproj", "{7531E418-FCB8-4984-AA26-23C090737686}"
EndProject
Project("{9A19103F-16F7-4668-BE54-9A1E7A4F7556}") = "SampleRazorPagesApplication", "SampleRazorPagesApplication\SampleRazorPagesApplication.csproj", "{734B5614-9C68-4E15-8F5F-F8F2645BEC5D}"
EndProject
Global
	GlobalSection(SolutionConfigurationPlatforms) = preSolution
		Debug|Any CPU = Debug|Any CPU
		Release|Any CPU = Release|Any CPU
	EndGlobalSection
	GlobalSection(ProjectConfigurationPlatforms) = postSolution
		{7531E418-FCB8-4984-AA26-23C090737686}.Debug|Any CPU.ActiveCfg = Debug|Any CPU
		{7531E418-FCB8-4984-AA26-23C090737686}.Debug|Any CPU.Build.0 = Debug|Any CPU
		{7531E418-FCB8-4984-AA26-23C090737686}.Release|Any CPU.ActiveCfg = Release|Any CPU
		{7531E418-FCB8-4984-AA26-23C090737686}.Release|Any CPU.Build.0 = Release|Any CPU
		{734B5614-9C68-4E15-8F5F-F8F2645BEC5D}.Debug|Any CPU.ActiveCfg = Debug|Any CPU
		{734B5614-9C68-4E15-8F5F-F8F2645BEC5D}.Debug|Any CPU.Build.0 = Debug|Any CPU
		{734B5614-9C68-4E15-8F5F-F8F2645BEC5D}.Release|Any CPU.ActiveCfg = Release|Any CPU
		{734B5614-9C68-4E15-8F5F-F8F2645BEC5D}.Release|Any CPU.Build.0 = Release|Any CPU
	EndGlobalSection
	GlobalSection(SolutionProperties) = preSolution
		HideSolutionNode = FALSE
	EndGlobalSection
	GlobalSection(ExtensibilityGlobals) = postSolution
		SolutionGuid = {14F77CEA-42FE-4471-9F1C-17C114A8187C}
	EndGlobalSection
EndGlobal
